Microsoft Visual Studio Solution File, Format Version 12.00
# Visual Studio Version 17
VisualStudioVersion = 17.5.2.0
MinimumVisualStudioVersion = 10.0.40219.1
Project("{FAE04EC0-301F-11D3-BF4B-00C04F79EFBC}") = "pa_lab4", "pa_lab4.csproj", "{B4931CBE-937F-3AD8-2540-FF6F8CBADB71}"
EndProject
Global
	GlobalSection(SolutionConfigurationPlatforms) = preSolution
		Debug|Any CPU = Debug|Any CPU
		Release|Any CPU = Release|Any CPU
	EndGlobalSection
	GlobalSection(ProjectConfigurationPlatforms) = postSolution
		{B4931CBE-937F-3AD8-2540-FF6F8CBADB71}.Debug|Any CPU.ActiveCfg = Debug|Any CPU
		{B4931CBE-937F-3AD8-2540-FF6F8CBADB71}.Debug|Any CPU.Build.0 = Debug|Any CPU
		{B4931CBE-937F-3AD8-2540-FF6F8CBADB71}.Release|Any CPU.ActiveCfg = Release|Any CPU
		{B4931CBE-937F-3AD8-2540-FF6F8CBADB71}.Release|Any CPU.Build.0 = Release|Any CPU
	EndGlobalSection
	GlobalSection(SolutionProperties) = preSolution
		HideSolutionNode = FALSE
	EndGlobalSection
	GlobalSection(ExtensibilityGlobals) = postSolution
		SolutionGuid = {FBB52D0F-DE31-4A75-8673-75DE1D7889FA}
	EndGlobalSection
EndGlobal
