
Microsoft Visual Studio Solution File, Format Version 12.00
Project("{FAE04EC0-301F-11D3-BF4B-00C04F79EFBC}") = "pa_lab3", "pa_lab3.csproj", "{DB4FF1B4-C0FE-4D80-B76D-5002CA8095B8}"
EndProject
Global
	GlobalSection(SolutionConfigurationPlatforms) = preSolution
		Debug|Any CPU = Debug|Any CPU
		Release|Any CPU = Release|Any CPU
	EndGlobalSection
	GlobalSection(ProjectConfigurationPlatforms) = postSolution
		{DB4FF1B4-C0FE-4D80-B76D-5002CA8095B8}.Debug|Any CPU.ActiveCfg = Debug|Any CPU
		{DB4FF1B4-C0FE-4D80-B76D-5002CA8095B8}.Debug|Any CPU.Build.0 = Debug|Any CPU
		{DB4FF1B4-C0FE-4D80-B76D-5002CA8095B8}.Release|Any CPU.ActiveCfg = Release|Any CPU
		{DB4FF1B4-C0FE-4D80-B76D-5002CA8095B8}.Release|Any CPU.Build.0 = Release|Any CPU
	EndGlobalSection
EndGlobal
